<?xml version="1.0" encoding="utf-8"?>
<Project ToolsVersion="4.0" xmlns="http://schemas.microsoft.com/developer/msbuild/2003">
  <ItemGroup>
    <Filter Include="win32">
      <UniqueIdentifier>{84a8ebd7-7cf0-47f6-b75e-d441df67da40}</UniqueIdentifier>
    </Filter>
    <Filter Include="resource">
      <UniqueIdentifier>{715254bc-d70b-4ec5-bf29-467dd3ace079}</UniqueIdentifier>
    </Filter>
    <Filter Include="src">
      <UniqueIdentifier>{bb6c862e-70e9-49d9-81b7-3829a6f50471}</UniqueIdentifier>
    </Filter>
    <Filter Include="src\Model">
      <UniqueIdentifier>{c6b43781-e008-4c0c-bbad-dc806a6a29f3}</UniqueIdentifier>
    </Filter>
    <Filter Include="src\Data">
      <UniqueIdentifier>{3bf0a68d-7d92-4bd5-81a0-7ed1c382669e}</UniqueIdentifier>
    </Filter>
    <Filter Include="src\View">
      <UniqueIdentifier>{1355b070-6f54-4590-b751-fcee490a7a02}</UniqueIdentifier>
    </Filter>
    <Filter Include="src\Controller">
      <UniqueIdentifier>{0a040b3d-8767-4e35-bb70-72d9b40f5d64}</UniqueIdentifier>
    </Filter>
    <Filter Include="src\View\Window">
      <UniqueIdentifier>{a4ee8708-52fc-41a1-a6bc-d9aea5ad1ae5}</UniqueIdentifier>
    </Filter>
    <Filter Include="src\View\Layer">
      <UniqueIdentifier>{db7f0fd4-23ec-4d24-b8c4-6b2d4ee7540a}</UniqueIdentifier>
    </Filter>
    <Filter Include="src\View\Util">
      <UniqueIdentifier>{2bd0c0a3-fca4-4987-9fd1-179c608e3e13}</UniqueIdentifier>
    </Filter>
  </ItemGroup>
  <ItemGroup>
    <ClCompile Include="main.cpp">
      <Filter>win32</Filter>
    </ClCompile>
    <ClCompile Include="..\Classes\LobbyLayer.cpp">
      <Filter>src\View\Layer</Filter>
    </ClCompile>
    <ClCompile Include="..\Classes\BattleLayer.cpp">
      <Filter>src\View\Layer</Filter>
    </ClCompile>
    <ClCompile Include="..\Classes\FontSize.cpp">
      <Filter>src\View\Util</Filter>
    </ClCompile>
    <ClCompile Include="..\Classes\CheatWindow.cpp">
      <Filter>src\View\Window</Filter>
    </ClCompile>
    <ClCompile Include="..\Classes\SelectStageWindow.cpp">
      <Filter>src\View\Window</Filter>
    </ClCompile>
    <ClCompile Include="..\Classes\BattleResultWindow.cpp">
      <Filter>src\View\Window</Filter>
    </ClCompile>
    <ClCompile Include="..\Classes\BuyVehicleWindow.cpp">
      <Filter>src\View\Window</Filter>
    </ClCompile>
    <ClCompile Include="..\Classes\CargoModel.cpp">
      <Filter>src\Model</Filter>
    </ClCompile>
    <ClCompile Include="..\Classes\BattleController.cpp">
      <Filter>src\Controller</Filter>
    </ClCompile>
    <ClCompile Include="..\Classes\BuyController.cpp">
      <Filter>src\Controller</Filter>
    </ClCompile>
    <ClCompile Include="..\Classes\RecruitController.cpp">
      <Filter>src\Controller</Filter>
    </ClCompile>
    <ClCompile Include="..\Classes\Actor.cpp">
      <Filter>src\View</Filter>
    </ClCompile>
    <ClCompile Include="..\Classes\CharAnimCacheManager.cpp">
      <Filter>src\View</Filter>
    </ClCompile>
    <ClCompile Include="..\Classes\LaneListItem.cpp">
      <Filter>src\View</Filter>
    </ClCompile>
    <ClCompile Include="..\Classes\PopText.cpp">
      <Filter>src\View</Filter>
    </ClCompile>
    <ClCompile Include="..\Classes\Rand.cpp">
      <Filter>src\View</Filter>
    </ClCompile>
    <ClCompile Include="..\Classes\RecruitButton.cpp">
      <Filter>src\View</Filter>
    </ClCompile>
    <ClCompile Include="..\Classes\ResourceBar.cpp">
      <Filter>src\View</Filter>
    </ClCompile>
    <ClCompile Include="..\Classes\SelectStageButton.cpp">
      <Filter>src\View</Filter>
    </ClCompile>
    <ClCompile Include="..\Classes\SimplePopup.cpp">
      <Filter>src\View</Filter>
    </ClCompile>
    <ClCompile Include="..\Classes\TouchableSprite.cpp">
      <Filter>src\View</Filter>
    </ClCompile>
    <ClCompile Include="..\Classes\AppDelegate.cpp">
      <Filter>src</Filter>
    </ClCompile>
    <ClCompile Include="..\Classes\ObjectHolder.cpp">
      <Filter>src\Data</Filter>
    </ClCompile>
    <ClCompile Include="..\Classes\FighterHolder.cpp">
      <Filter>src\Data</Filter>
    </ClCompile>
    <ClCompile Include="..\Classes\VehicleHolder.cpp">
      <Filter>src\Data</Filter>
    </ClCompile>
    <ClCompile Include="..\Classes\RecruitView.cpp">
      <Filter>src\View</Filter>
    </ClCompile>
    <ClCompile Include="..\Classes\BattleModel.cpp">
      <Filter>src\Model</Filter>
    </ClCompile>
  </ItemGroup>
  <ItemGroup>
    <ClInclude Include="main.h">
      <Filter>win32</Filter>
    </ClInclude>
    <ClInclude Include="..\Classes\LobbyLayer.h">
      <Filter>src\View\Layer</Filter>
    </ClInclude>
    <ClInclude Include="..\Classes\BattleLayer.h">
      <Filter>src\View\Layer</Filter>
    </ClInclude>
    <ClInclude Include="..\Classes\FontSize.h">
      <Filter>src\View\Util</Filter>
    </ClInclude>
    <ClInclude Include="..\Classes\CheatWindow.h">
      <Filter>src\View\Window</Filter>
    </ClInclude>
    <ClInclude Include="..\Classes\SelectStageWindow.h">
      <Filter>src\View\Window</Filter>
    </ClInclude>
    <ClInclude Include="..\Classes\BattleResultWindow.h">
      <Filter>src\View\Window</Filter>
    </ClInclude>
    <ClInclude Include="..\Classes\BuyVehicleWindow.h">
      <Filter>src\View\Window</Filter>
    </ClInclude>
    <ClInclude Include="..\Classes\ActorModel.h">
      <Filter>src\Model</Filter>
    </ClInclude>
    <ClInclude Include="..\Classes\VehicleModel.h">
      <Filter>src\Model</Filter>
    </ClInclude>
    <ClInclude Include="..\Classes\CargoModel.h">
      <Filter>src\Model</Filter>
    </ClInclude>
    <ClInclude Include="..\Classes\Typedefs.h">
      <Filter>src</Filter>
    </ClInclude>
    <ClInclude Include="..\Classes\Id.h">
      <Filter>src</Filter>
    </ClInclude>
    <ClInclude Include="..\Classes\FighterModel.h">
      <Filter>src\Model</Filter>
    </ClInclude>
    <ClInclude Include="..\Classes\BattleModel.h">
      <Filter>src\Model</Filter>
    </ClInclude>
    <ClInclude Include="..\Classes\PlayerModel.h">
      <Filter>src\Model</Filter>
    </ClInclude>
    <ClInclude Include="..\Classes\RecruitModel.h">
      <Filter>src\Model</Filter>
    </ClInclude>
    <ClInclude Include="..\Classes\BattleController.h">
      <Filter>src\Controller</Filter>
    </ClInclude>
    <ClInclude Include="..\Classes\ErrorCode.h">
      <Filter>src\Controller</Filter>
    </ClInclude>
    <ClInclude Include="..\Classes\BuyController.h">
      <Filter>src\Controller</Filter>
    </ClInclude>
    <ClInclude Include="..\Classes\ObjectHolder.h">
      <Filter>src\Data</Filter>
    </ClInclude>
    <ClInclude Include="..\Classes\ActorType.h">
      <Filter>src\Model</Filter>
    </ClInclude>
    <ClInclude Include="..\Classes\RecruitController.h">
      <Filter>src\Controller</Filter>
    </ClInclude>
    <ClInclude Include="..\Classes\Actor.h">
      <Filter>src\View</Filter>
    </ClInclude>
    <ClInclude Include="..\Classes\AppMacros.h">
      <Filter>src\View</Filter>
    </ClInclude>
    <ClInclude Include="..\Classes\CharAnimCacheManager.h">
      <Filter>src\View</Filter>
    </ClInclude>
    <ClInclude Include="..\Classes\LaneListItem.h">
      <Filter>src\View</Filter>
    </ClInclude>
    <ClInclude Include="..\Classes\PopText.h">
      <Filter>src\View</Filter>
    </ClInclude>
    <ClInclude Include="..\Classes\Rand.h">
      <Filter>src\View</Filter>
    </ClInclude>
    <ClInclude Include="..\Classes\RecruitButton.h">
      <Filter>src\View</Filter>
    </ClInclude>
    <ClInclude Include="..\Classes\ResourceBar.h">
      <Filter>src\View</Filter>
    </ClInclude>
    <ClInclude Include="..\Classes\SelectStageButton.h">
      <Filter>src\View</Filter>
    </ClInclude>
    <ClInclude Include="..\Classes\SimplePopup.h">
      <Filter>src\View</Filter>
    </ClInclude>
    <ClInclude Include="..\Classes\TouchableSprite.h">
      <Filter>src\View</Filter>
    </ClInclude>
    <ClInclude Include="..\Classes\AppDelegate.h">
      <Filter>src</Filter>
    </ClInclude>
    <ClInclude Include="..\Classes\VehicleHolder.h">
      <Filter>src\Data</Filter>
    </ClInclude>
    <ClInclude Include="..\Classes\FighterHolder.h">
      <Filter>src\Data</Filter>
    </ClInclude>
    <ClInclude Include="..\Classes\ObjectHolderRegister.h">
      <Filter>src\Data</Filter>
    </ClInclude>
    <ClInclude Include="..\Classes\RecruitView.h">
      <Filter>src\View</Filter>
    </ClInclude>
  </ItemGroup>
  <ItemGroup>
    <ResourceCompile Include="game.rc">
      <Filter>resource</Filter>
    </ResourceCompile>
  </ItemGroup>
</Project>